{
  "requires": true,
  "lockfileVersion": 1,
  "dependencies": {
    "material-icons": {
      "version": "1.2.1",
      "resolved": "https://registry.npmjs.org/material-icons/-/material-icons-1.2.1.tgz",
      "integrity": "sha512-AIG0JzpTJGTDen5aU4Yy2+u21on8YeR40sAXXnGPmSvAhZqpojZ11W2zE1ofxHVIVkDSotTtskY+0+GuLuGCew=="
    }
  }
}
